
Microsoft Visual Studio Solution File, Format Version 12.00
# Visual Studio Version 16
VisualStudioVersion = 16.0.31424.327
MinimumVisualStudioVersion = 10.0.40219.1
Project("{9A19103F-16F7-4668-BE54-9A1E7A4F7556}") = "ExamPrep", "ExamPrep\ExamPrep.csproj", "{893F8874-8867-46D4-A841-C32D5D7B0E24}"
EndProject
Project("{FAE04EC0-301F-11D3-BF4B-00C04F79EFBC}") = "MuOnline", "MuOnline\MuOnline.csproj", "{73B95B5B-DCE4-4D62-856A-2009E747554D}"
EndProject
Global
	GlobalSection(SolutionConfigurationPlatforms) = preSolution
		Debug|Any CPU = Debug|Any CPU
		Release|Any CPU = Release|Any CPU
	EndGlobalSection
	GlobalSection(ProjectConfigurationPlatforms) = postSolution
		{893F8874-8867-46D4-A841-C32D5D7B0E24}.Debug|Any CPU.ActiveCfg = Debug|Any CPU
		{893F8874-8867-46D4-A841-C32D5D7B0E24}.Debug|Any CPU.Build.0 = Debug|Any CPU
		{893F8874-8867-46D4-A841-C32D5D7B0E24}.Release|Any CPU.ActiveCfg = Release|Any CPU
		{893F8874-8867-46D4-A841-C32D5D7B0E24}.Release|Any CPU.Build.0 = Release|Any CPU
		{73B95B5B-DCE4-4D62-856A-2009E747554D}.Debug|Any CPU.ActiveCfg = Debug|Any CPU
		{73B95B5B-DCE4-4D62-856A-2009E747554D}.Debug|Any CPU.Build.0 = Debug|Any CPU
		{73B95B5B-DCE4-4D62-856A-2009E747554D}.Release|Any CPU.ActiveCfg = Release|Any CPU
		{73B95B5B-DCE4-4D62-856A-2009E747554D}.Release|Any CPU.Build.0 = Release|Any CPU
	EndGlobalSection
	GlobalSection(SolutionProperties) = preSolution
		HideSolutionNode = FALSE
	EndGlobalSection
	GlobalSection(ExtensibilityGlobals) = postSolution
		SolutionGuid = {BE457074-A78E-4BD3-9529-65298E20514F}
	EndGlobalSection
EndGlobal
